{
  "name": "danger-textlint-actions-demo",
  "version": "1.0.0",
  "lockfileVersion": 1,
  "requires": true,
  "dependencies": {
    "@textlint/ast-node-types": {
      "version": "4.2.1",
      "resolved": "https://registry.npmjs.org/@textlint/ast-node-types/-/ast-node-types-4.2.1.tgz",
      "integrity": "sha512-Pqg1LTJpF929Ovi/lCaPqlyz8yDwBFbQulC0jyQcbRAoTxYS4AZMc48Ug2yk0so5hISQXKrlAxyVBmBVl9EKGA=="
    },
    "@textlint/types": {
      "version": "1.1.3",
      "resolved": "https://registry.npmjs.org/@textlint/types/-/types-1.1.3.tgz",
      "integrity": "sha512-gU9wYNLKPf9wSX30XXcn+dj6vQSjS4Tudj+BCc1shtMj3u+wKUxDyt42OoCCJTerpF7pHViGQNxnPM9VkuXqyQ==",
      "requires": {
        "@textlint/ast-node-types": "^4.2.1",
        "structured-source": "^3.0.2"
      }
    },
    "amp-create-callback": {
      "version": "1.0.1",
      "resolved": "https://registry.npmjs.org/amp-create-callback/-/amp-create-callback-1.0.1.tgz",
      "integrity": "sha1-UbtvFJFUXYbpvyNsr/UUu7RXgxA="
    },
    "amp-each": {
      "version": "1.0.1",
      "resolved": "https://registry.npmjs.org/amp-each/-/amp-each-1.0.1.tgz",
      "integrity": "sha1-DWyKM79JnIs95iMiRXx4ue2lwA8=",
      "requires": {
        "amp-create-callback": "^1.0.0",
        "amp-keys": "^1.0.0"
      }
    },
    "amp-has": {
      "version": "1.0.1",
      "resolved": "https://registry.npmjs.org/amp-has/-/amp-has-1.0.1.tgz",
      "integrity": "sha1-3MWKCQpMb8SUfNtujEEO2f9SAsY="
    },
    "amp-index-of": {
      "version": "1.1.0",
      "resolved": "https://registry.npmjs.org/amp-index-of/-/amp-index-of-1.1.0.tgz",
      "integrity": "sha1-0deY6lfaVSsCE2W4Wx443fmTscE=",
      "requires": {
        "amp-is-number": "^1.0.0"
      }
    },
    "amp-is-number": {
      "version": "1.0.1",
      "resolved": "https://registry.npmjs.org/amp-is-number/-/amp-is-number-1.0.1.tgz",
      "integrity": "sha1-9DDS5l0bvSzEHb2a+38D0+MooxQ="
    },
    "amp-is-object": {
      "version": "1.0.1",
      "resolved": "https://registry.npmjs.org/amp-is-object/-/amp-is-object-1.0.1.tgz",
      "integrity": "sha1-Coy1lWuREqFqc2d+jLrTe7okdwI="
    },
    "amp-keys": {
      "version": "1.0.1",
      "resolved": "https://registry.npmjs.org/amp-keys/-/amp-keys-1.0.1.tgz",
      "integrity": "sha1-tyH7gx2nmIFQT060SjntkwpbsSk=",
      "requires": {
        "amp-has": "^1.0.0",
        "amp-index-of": "^1.0.0",
        "amp-is-object": "^1.0.0"
      }
    },
    "analyze-desumasu-dearu": {
      "version": "3.1.0",
      "resolved": "https://registry.npmjs.org/analyze-desumasu-dearu/-/analyze-desumasu-dearu-3.1.0.tgz",
      "integrity": "sha1-rza5SEVMB4OkMfKrk4pZ8k1A4VA=",
      "requires": {
        "array-find": "^1.0.0",
        "kuromojin": "^1.2.1",
        "object.assign": "^4.0.3"
      }
    },
    "argparse": {
      "version": "1.0.10",
      "resolved": "https://registry.npmjs.org/argparse/-/argparse-1.0.10.tgz",
      "integrity": "sha512-o5Roy6tNG4SL/FOkCAN6RzjiakZS25RLYFrcMttJqbdd8BWrnA+fGz57iN5Pb06pvBGvl5gQ0B48dJlslXvoTg==",
      "requires": {
        "sprintf-js": "~1.0.2"
      }
    },
    "array-find": {
      "version": "1.0.0",
      "resolved": "https://registry.npmjs.org/array-find/-/array-find-1.0.0.tgz",
      "integrity": "sha1-bI4obRHtdoMn+OYuzuhzU8o+eLg="
    },
    "async": {
      "version": "2.6.2",
      "resolved": "https://registry.npmjs.org/async/-/async-2.6.2.tgz",
      "integrity": "sha512-H1qVYh1MYhEEFLsP97cVKqCGo7KfCyTt6uEWqsTBr9SO84oK9Uwbyd/yCW+6rKJLHksBNUVWZDAjfS+Ccx0Bbg==",
      "requires": {
        "lodash": "^4.17.11"
      }
    },
    "boundary": {
      "version": "1.0.1",
      "resolved": "https://registry.npmjs.org/boundary/-/boundary-1.0.1.tgz",
      "integrity": "sha1-TWfcJgLAzBbdm85+v4fpSCkPWBI="
    },
    "buffer-from": {
      "version": "1.1.1",
      "resolved": "https://registry.npmjs.org/buffer-from/-/buffer-from-1.1.1.tgz",
      "integrity": "sha512-MQcXEUbCKtEo7bhqEs6560Hyd4XaovZlO/k9V3hjVUF/zwW7KBVdSK4gIt/bzwS9MbR5qob+F5jusZsb0YQK2A=="
    },
    "code-point": {
      "version": "1.1.0",
      "resolved": "https://registry.npmjs.org/code-point/-/code-point-1.1.0.tgz",
      "integrity": "sha1-mZhB9R9UzK5KDau8hpBjI0YD/s0="
    },
    "commandpost": {
      "version": "1.4.0",
      "resolved": "https://registry.npmjs.org/commandpost/-/commandpost-1.4.0.tgz",
      "integrity": "sha512-aE2Y4MTFJ870NuB/+2z1cXBhSBBzRydVVjzhFC4gtenEhpnj15yu0qptWGJsO9YGrcPZ3ezX8AWb1VA391MKpQ=="
    },
    "concat-stream": {
      "version": "1.6.2",
      "resolved": "https://registry.npmjs.org/concat-stream/-/concat-stream-1.6.2.tgz",
      "integrity": "sha512-27HBghJxjiZtIk3Ycvn/4kbJk/1uZuJFfuPEns6LaEvpvG1f0hTea8lilrouyo9mVc2GWdcEZ8OLoGmSADlrCw==",
      "requires": {
        "buffer-from": "^1.0.0",
        "inherits": "^2.0.3",
        "readable-stream": "^2.2.2",
        "typedarray": "^0.0.6"
      }
    },
    "core-util-is": {
      "version": "1.0.2",
      "resolved": "https://registry.npmjs.org/core-util-is/-/core-util-is-1.0.2.tgz",
      "integrity": "sha1-tf1UIgqivFq1eqtxQMlAdUUDwac="
    },
    "define-properties": {
      "version": "1.1.3",
      "resolved": "https://registry.npmjs.org/define-properties/-/define-properties-1.1.3.tgz",
      "integrity": "sha512-3MqfYKj2lLzdMSf8ZIZE/V+Zuy+BgD6f164e8K2w7dgnpKArBDerGYpM46IYYcjnkdPNMjPk9A6VFB8+3SKlXQ==",
      "requires": {
        "object-keys": "^1.0.12"
      }
    },
    "diff": {
      "version": "3.5.0",
      "resolved": "https://registry.npmjs.org/diff/-/diff-3.5.0.tgz",
      "integrity": "sha512-A46qtFgd+g7pDZinpnwiRJtxbC1hpgf0uzP3iG89scHk0AUC7A1TGxf5OiiOUv/JMZR8GOt8hL900hV0bOy5xA=="
    },
    "doublearray": {
      "version": "0.0.2",
      "resolved": "https://registry.npmjs.org/doublearray/-/doublearray-0.0.2.tgz",
      "integrity": "sha1-Yxhv6NNEEydtNiH2qg7F954ifvk="
    },
    "esprima": {
      "version": "4.0.1",
      "resolved": "https://registry.npmjs.org/esprima/-/esprima-4.0.1.tgz",
      "integrity": "sha512-eGuFFw7Upda+g4p+QHvnW0RyTX/SVeJBDM/gCtMARO0cLuT2HcEKnTPvhjV6aGeqrCB/sbNop0Kszm0jsaWU4A=="
    },
    "function-bind": {
      "version": "1.1.1",
      "resolved": "https://registry.npmjs.org/function-bind/-/function-bind-1.1.1.tgz",
      "integrity": "sha512-yIovAzMX49sF8Yl58fSCWJ5svSLuaibPxXQJFLmBObTuCr0Mf1KiPopGM9NiFjiYBCbfaa2Fh6breQ6ANVTI0A=="
    },
    "has-symbols": {
      "version": "1.0.0",
      "resolved": "https://registry.npmjs.org/has-symbols/-/has-symbols-1.0.0.tgz",
      "integrity": "sha1-uhqPGvKg/DllD1yFA2dwQSIGO0Q="
    },
    "inherits": {
      "version": "2.0.3",
      "resolved": "https://registry.npmjs.org/inherits/-/inherits-2.0.3.tgz",
      "integrity": "sha1-Yzwsg+PaQqUC9SRmAiSA9CCCYd4="
    },
    "isarray": {
      "version": "1.0.0",
      "resolved": "https://registry.npmjs.org/isarray/-/isarray-1.0.0.tgz",
      "integrity": "sha1-u5NdSFgsuhaMBoNJV6VKPgcSTxE="
    },
    "japanese-numerals-to-number": {
      "version": "1.0.2",
      "resolved": "https://registry.npmjs.org/japanese-numerals-to-number/-/japanese-numerals-to-number-1.0.2.tgz",
      "integrity": "sha1-y/yxjKbpOlGwYvM6Xl0p2ddpPZQ="
    },
    "joyo-kanji": {
      "version": "0.2.1",
      "resolved": "https://registry.npmjs.org/joyo-kanji/-/joyo-kanji-0.2.1.tgz",
      "integrity": "sha1-Xi6OorkDupMz8WgMZpAvyWgupZI="
    },
    "js-yaml": {
      "version": "3.13.1",
      "resolved": "https://registry.npmjs.org/js-yaml/-/js-yaml-3.13.1.tgz",
      "integrity": "sha512-YfbcO7jXDdyj0DGxYVSlSeQNHbD7XPWvrVWeVUujrQEoZzWJIRrCPoyk6kL6IAjAG2IolMK4T0hNUe0HOUs5Jw==",
      "requires": {
        "argparse": "^1.0.7",
        "esprima": "^4.0.0"
      }
    },
    "kuromoji": {
      "version": "0.1.1",
      "resolved": "https://registry.npmjs.org/kuromoji/-/kuromoji-0.1.1.tgz",
      "integrity": "sha1-Sqvzm8zti4rZLQB6BKJr5tqEd8k=",
      "requires": {
        "async": "^2.0.1",
        "doublearray": "0.0.2",
        "zlibjs": "^0.2.0"
      }
    },
    "kuromojin": {
      "version": "1.4.0",
      "resolved": "https://registry.npmjs.org/kuromojin/-/kuromojin-1.4.0.tgz",
      "integrity": "sha512-ZoG3NAW6ATKgo2jBgjVWwE66GeaT2jHgdf0v1dL8+WffuSfvTvX7l6ePgYusSAhHW+dwtneYcbav8N0NhsA0uw==",
      "requires": {
        "kuromoji": "0.1.1"
      }
    },
    "lodash": {
      "version": "4.17.11",
      "resolved": "https://registry.npmjs.org/lodash/-/lodash-4.17.11.tgz",
      "integrity": "sha512-cQKh8igo5QUhZ7lg38DYWAxMvjSAKG0A8wGSVimP07SIUEK2UO+arSRKbRZWtelMtN5V0Hkwh5ryOto/SshYIg=="
    },
    "match-index": {
      "version": "1.0.1",
      "resolved": "https://registry.npmjs.org/match-index/-/match-index-1.0.1.tgz",
      "integrity": "sha1-tLZz6ZqzrFpq8wPM9NtwmBK8P1g=",
      "requires": {
        "regexp.prototype.flags": "^1.1.1"
      }
    },
    "moji": {
      "version": "0.5.1",
      "resolved": "https://registry.npmjs.org/moji/-/moji-0.5.1.tgz",
      "integrity": "sha1-CI7s0cIsjzGiQK3PnJXlTzPrVPs=",
      "requires": {
        "object-assign": "^3.0.0"
      },
      "dependencies": {
        "object-assign": {
          "version": "3.0.0",
          "resolved": "https://registry.npmjs.org/object-assign/-/object-assign-3.0.0.tgz",
          "integrity": "sha1-m+3VygiXlJvKR+f/QIBi1Un1h/I="
        }
      }
    },
    "object-assign": {
      "version": "4.1.1",
      "resolved": "https://registry.npmjs.org/object-assign/-/object-assign-4.1.1.tgz",
      "integrity": "sha1-IQmtx5ZYh8/AXLvUQsrIv7s2CGM="
    },
    "object-keys": {
      "version": "1.1.1",
      "resolved": "https://registry.npmjs.org/object-keys/-/object-keys-1.1.1.tgz",
      "integrity": "sha512-NuAESUOUMrlIXOfHKzD6bpPu3tYt3xvjNdRIQ+FeT0lNb4K8WR70CaDxhuNguS2XG+GjkyMwOzsN5ZktImfhLA=="
    },
    "object.assign": {
      "version": "4.1.0",
      "resolved": "https://registry.npmjs.org/object.assign/-/object.assign-4.1.0.tgz",
      "integrity": "sha512-exHJeq6kBKj58mqGyTQ9DFvrZC/eR6OwxzoM9YRoGBqrXYonaFyGiFMuc9VZrXf7DarreEwMpurG3dd+CNyW5w==",
      "requires": {
        "define-properties": "^1.1.2",
        "function-bind": "^1.1.1",
        "has-symbols": "^1.0.0",
        "object-keys": "^1.0.11"
      }
    },
    "prh": {
      "version": "3.1.1",
      "resolved": "https://registry.npmjs.org/prh/-/prh-3.1.1.tgz",
      "integrity": "sha512-o+WraRm9LvMeBUbqeTEA8fJ1tQUZ12swFvK65HLuzzQVxIxHjxOQ5IJK1GBcSstT4AuX7kdzl8YoZbEdOLHfaA==",
      "requires": {
        "commandpost": "^1.2.0",
        "js-yaml": "^3.9.1"
      }
    },
    "process-nextick-args": {
      "version": "2.0.0",
      "resolved": "https://registry.npmjs.org/process-nextick-args/-/process-nextick-args-2.0.0.tgz",
      "integrity": "sha512-MtEC1TqN0EU5nephaJ4rAtThHtC86dNN9qCuEhtshvpVBkAW5ZO7BASN9REnF9eoXGcRub+pFuKEpOHE+HbEMw=="
    },
    "readable-stream": {
      "version": "2.3.6",
      "resolved": "https://registry.npmjs.org/readable-stream/-/readable-stream-2.3.6.tgz",
      "integrity": "sha512-tQtKA9WIAhBF3+VLAseyMqZeBjW0AHJoxOtYqSUZNJxauErmLbVm2FW1y+J/YA9dUrAC39ITejlZWhVIwawkKw==",
      "requires": {
        "core-util-is": "~1.0.0",
        "inherits": "~2.0.3",
        "isarray": "~1.0.0",
        "process-nextick-args": "~2.0.0",
        "safe-buffer": "~5.1.1",
        "string_decoder": "~1.1.1",
        "util-deprecate": "~1.0.1"
      }
    },
    "regexp.prototype.flags": {
      "version": "1.2.0",
      "resolved": "https://registry.npmjs.org/regexp.prototype.flags/-/regexp.prototype.flags-1.2.0.tgz",
      "integrity": "sha512-ztaw4M1VqgMwl9HlPpOuiYgItcHlunW0He2fE6eNfT6E/CF2FtYi9ofOYe4mKntstYk0Fyh/rDRBdS3AnxjlrA==",
      "requires": {
        "define-properties": "^1.1.2"
      }
    },
    "regx": {
      "version": "1.0.4",
      "resolved": "https://registry.npmjs.org/regx/-/regx-1.0.4.tgz",
      "integrity": "sha1-oO4ywwiRCQIBnKERftQbnd0EGy8="
    },
    "safe-buffer": {
      "version": "5.1.2",
      "resolved": "https://registry.npmjs.org/safe-buffer/-/safe-buffer-5.1.2.tgz",
      "integrity": "sha512-Gd2UZBJDkXlY7GbJxfsE8/nvKkUEU1G38c1siN6QP6a9PT9MmHB8GnpscSmMJSoF8LOIrt8ud/wPtojys4G6+g=="
    },
    "sentence-splitter": {
      "version": "2.3.2",
      "resolved": "https://registry.npmjs.org/sentence-splitter/-/sentence-splitter-2.3.2.tgz",
      "integrity": "sha512-QnpHNykm4nI4T6mT+NoVayh9Ixl5DohYCSVqMgPJsO2WejOcqaYTh4HQOkmzaDzXH3NO5pif4z/hpo2NGtgNlg==",
      "requires": {
        "concat-stream": "^1.5.2",
        "structured-source": "^3.0.2"
      }
    },
    "sorted-array": {
      "version": "2.0.4",
      "resolved": "https://registry.npmjs.org/sorted-array/-/sorted-array-2.0.4.tgz",
      "integrity": "sha512-58INzrX0rL6ttCfsGoFmOuQY5AjR6A5E/MmGKJ5JvWHOey6gOEOC6vO8K6C0Y2bQR6KJ8o8aFwHjp/mJ/HcYsQ=="
    },
    "sorted-joyo-kanji": {
      "version": "0.2.0",
      "resolved": "https://registry.npmjs.org/sorted-joyo-kanji/-/sorted-joyo-kanji-0.2.0.tgz",
      "integrity": "sha1-NK5ruvDuCl6RZbKk7rUeKrI+GFw=",
      "requires": {
        "amp-each": "^1.0.1",
        "code-point": "^1.0.1",
        "joyo-kanji": "^0.2.1",
        "sorted-array": "^2.0.1"
      }
    },
    "sprintf-js": {
      "version": "1.0.3",
      "resolved": "https://registry.npmjs.org/sprintf-js/-/sprintf-js-1.0.3.tgz",
      "integrity": "sha1-BOaSb2YolTVPPdAVIDYzuFcpfiw="
    },
    "string_decoder": {
      "version": "1.1.1",
      "resolved": "https://registry.npmjs.org/string_decoder/-/string_decoder-1.1.1.tgz",
      "integrity": "sha512-n/ShnvDi6FHbbVfviro+WojiFzv+s8MPMHBczVePfUpDJLwoLT0ht1l4YwBCbi8pJAveEEdnkHyPyTP/mzRfwg==",
      "requires": {
        "safe-buffer": "~5.1.0"
      }
    },
    "structured-source": {
      "version": "3.0.2",
      "resolved": "https://registry.npmjs.org/structured-source/-/structured-source-3.0.2.tgz",
      "integrity": "sha1-3YAkJeD1PcSm56yjdSkBoczaevU=",
      "requires": {
        "boundary": "^1.0.1"
      }
    },
    "textlint-rule-helper": {
      "version": "2.1.1",
      "resolved": "https://registry.npmjs.org/textlint-rule-helper/-/textlint-rule-helper-2.1.1.tgz",
      "integrity": "sha512-6fxgHzoJVkjl3LaC1b2Egi+5wbhG4i0pU0knJmQujVhxIJ3D3AcQQZPs457xKAi5xKz1WayYeTeJ5jrD/hnO7g==",
      "requires": {
        "@textlint/ast-node-types": "^4.2.1",
        "@textlint/types": "^1.1.2",
        "structured-source": "^3.0.2",
        "unist-util-visit": "^1.1.0"
      }
    },
    "textlint-rule-max-ten": {
      "version": "2.0.3",
      "resolved": "https://registry.npmjs.org/textlint-rule-max-ten/-/textlint-rule-max-ten-2.0.3.tgz",
      "integrity": "sha1-3MvA0BV+6Gp1csoApHqx+ld/BkU=",
      "requires": {
        "kuromojin": "^1.0.2",
        "sentence-splitter": "^2.0.0",
        "structured-source": "^3.0.2",
        "textlint-rule-helper": "^2.0.0"
      }
    },
    "textlint-rule-no-double-negative-ja": {
      "version": "1.0.5",
      "resolved": "https://registry.npmjs.org/textlint-rule-no-double-negative-ja/-/textlint-rule-no-double-negative-ja-1.0.5.tgz",
      "integrity": "sha1-ujDbQk3H74TO2m0QN4GxTNIMx2Q=",
      "requires": {
        "kuromojin": "^1.1.0"
      }
    },
    "textlint-rule-no-doubled-conjunction": {
      "version": "1.0.2",
      "resolved": "https://registry.npmjs.org/textlint-rule-no-doubled-conjunction/-/textlint-rule-no-doubled-conjunction-1.0.2.tgz",
      "integrity": "sha1-JMboAUxrLhhLx6XUwabuE7swmTA=",
      "requires": {
        "kuromojin": "^1.1.0",
        "sentence-splitter": "^2.0.0",
        "textlint-rule-helper": "^1.1.5",
        "textlint-util-to-string": "^1.2.0"
      },
      "dependencies": {
        "textlint-rule-helper": {
          "version": "1.2.0",
          "resolved": "https://registry.npmjs.org/textlint-rule-helper/-/textlint-rule-helper-1.2.0.tgz",
          "integrity": "sha1-vmjUelFGsW3RFieMmut701YxzNo=",
          "requires": {
            "unist-util-visit": "^1.1.0"
          }
        }
      }
    },
    "textlint-rule-no-doubled-conjunctive-particle-ga": {
      "version": "1.0.2",
      "resolved": "https://registry.npmjs.org/textlint-rule-no-doubled-conjunctive-particle-ga/-/textlint-rule-no-doubled-conjunctive-particle-ga-1.0.2.tgz",
      "integrity": "sha1-uctnlVWuoqsNT/z6TdL/q3G/AFc=",
      "requires": {
        "kuromojin": "^1.1.0",
        "sentence-splitter": "^1.2.0",
        "textlint-rule-helper": "^1.1.5",
        "textlint-util-to-string": "^1.2.0"
      },
      "dependencies": {
        "sentence-splitter": {
          "version": "1.2.0",
          "resolved": "https://registry.npmjs.org/sentence-splitter/-/sentence-splitter-1.2.0.tgz",
          "integrity": "sha1-wcOEFM8UXscX/UN8rCDJiOD9DUY=",
          "requires": {
            "structured-source": "^3.0.2"
          }
        },
        "textlint-rule-helper": {
          "version": "1.2.0",
          "resolved": "https://registry.npmjs.org/textlint-rule-helper/-/textlint-rule-helper-1.2.0.tgz",
          "integrity": "sha1-vmjUelFGsW3RFieMmut701YxzNo=",
          "requires": {
            "unist-util-visit": "^1.1.0"
          }
        }
      }
    },
    "textlint-rule-no-doubled-joshi": {
      "version": "3.5.1",
      "resolved": "https://registry.npmjs.org/textlint-rule-no-doubled-joshi/-/textlint-rule-no-doubled-joshi-3.5.1.tgz",
      "integrity": "sha1-dZxsXe+AdfhJ2aTfVRwtKggVui8=",
      "requires": {
        "kuromojin": "^1.2.1",
        "sentence-splitter": "^2.2.0",
        "textlint-rule-helper": "^1.1.4",
        "textlint-util-to-string": "^1.1.0"
      },
      "dependencies": {
        "textlint-rule-helper": {
          "version": "1.2.0",
          "resolved": "https://registry.npmjs.org/textlint-rule-helper/-/textlint-rule-helper-1.2.0.tgz",
          "integrity": "sha1-vmjUelFGsW3RFieMmut701YxzNo=",
          "requires": {
            "unist-util-visit": "^1.1.0"
          }
        }
      }
    },
    "textlint-rule-no-dropping-the-ra": {
      "version": "1.1.2",
      "resolved": "https://registry.npmjs.org/textlint-rule-no-dropping-the-ra/-/textlint-rule-no-dropping-the-ra-1.1.2.tgz",
      "integrity": "sha1-F9jGWYbXvYAUpFKTA6K6C3aaidI=",
      "requires": {
        "kuromojin": "^1.2.1",
        "textlint-rule-helper": "^1.1.4"
      },
      "dependencies": {
        "textlint-rule-helper": {
          "version": "1.2.0",
          "resolved": "https://registry.npmjs.org/textlint-rule-helper/-/textlint-rule-helper-1.2.0.tgz",
          "integrity": "sha1-vmjUelFGsW3RFieMmut701YxzNo=",
          "requires": {
            "unist-util-visit": "^1.1.0"
          }
        }
      }
    },
    "textlint-rule-no-mix-dearu-desumasu": {
      "version": "3.0.3",
      "resolved": "https://registry.npmjs.org/textlint-rule-no-mix-dearu-desumasu/-/textlint-rule-no-mix-dearu-desumasu-3.0.3.tgz",
      "integrity": "sha1-rEuBYLT0ZkSkpA1i/gHY23Zwt8M=",
      "requires": {
        "analyze-desumasu-dearu": "^3.1.0",
        "textlint-rule-helper": "^2.0.0",
        "unist-util-visit": "^1.1.0"
      }
    },
    "textlint-rule-no-nfd": {
      "version": "1.0.1",
      "resolved": "https://registry.npmjs.org/textlint-rule-no-nfd/-/textlint-rule-no-nfd-1.0.1.tgz",
      "integrity": "sha1-v0g/hE5kHvI64/gjYUIanlO11lo=",
      "requires": {
        "match-index": "^1.0.1",
        "textlint-rule-helper": "^1.1.5",
        "unorm": "^1.4.1"
      },
      "dependencies": {
        "textlint-rule-helper": {
          "version": "1.2.0",
          "resolved": "https://registry.npmjs.org/textlint-rule-helper/-/textlint-rule-helper-1.2.0.tgz",
          "integrity": "sha1-vmjUelFGsW3RFieMmut701YxzNo=",
          "requires": {
            "unist-util-visit": "^1.1.0"
          }
        }
      }
    },
    "textlint-rule-preset-japanese": {
      "version": "2.0.1",
      "resolved": "https://registry.npmjs.org/textlint-rule-preset-japanese/-/textlint-rule-preset-japanese-2.0.1.tgz",
      "integrity": "sha512-x8k9b1aukaGyZpwsYOYfFndY0CpzvEep5szX2gr5oaiDXVJwPwitluycFHuXhlKyu5VI7zBCZwpelwDptP+sug==",
      "requires": {
        "textlint-rule-max-ten": "^2.0.2",
        "textlint-rule-no-double-negative-ja": "^1.0.3",
        "textlint-rule-no-doubled-conjunction": "^1.0.2",
        "textlint-rule-no-doubled-conjunctive-particle-ga": "1.0.2",
        "textlint-rule-no-doubled-joshi": "^3.0.0",
        "textlint-rule-no-dropping-the-ra": "^1.1.2",
        "textlint-rule-no-mix-dearu-desumasu": "^3.0.0",
        "textlint-rule-no-nfd": "^1.0.1",
        "textlint-rule-prh": "^4.0.1",
        "textlint-rule-sentence-length": "^1.0.4"
      },
      "dependencies": {
        "textlint-rule-prh": {
          "version": "4.0.1",
          "resolved": "https://registry.npmjs.org/textlint-rule-prh/-/textlint-rule-prh-4.0.1.tgz",
          "integrity": "sha1-d9qcAbyUpZJ7leva5nPyU2vXx10=",
          "requires": {
            "prh": "^3.0.1",
            "textlint-rule-helper": "^2.0.0",
            "untildify": "^3.0.2"
          }
        }
      }
    },
    "textlint-rule-preset-jtf-style": {
      "version": "2.3.3",
      "resolved": "https://registry.npmjs.org/textlint-rule-preset-jtf-style/-/textlint-rule-preset-jtf-style-2.3.3.tgz",
      "integrity": "sha512-wSBz4yqCcbKSAhlW7rhCCCPpCULTq2tT3lhyY3Q43cL+qsNx6U1UjngmQqLWkVBXVw2awQxkdeqORW7r+n4Qdg==",
      "requires": {
        "analyze-desumasu-dearu": "^2.1.2",
        "japanese-numerals-to-number": "^1.0.2",
        "match-index": "^1.0.1",
        "moji": "^0.5.1",
        "regexp.prototype.flags": "^1.1.1",
        "regx": "^1.0.4",
        "sorted-joyo-kanji": "^0.2.0",
        "textlint-rule-helper": "^2.0.0",
        "textlint-rule-prh": "^5.0.0"
      },
      "dependencies": {
        "analyze-desumasu-dearu": {
          "version": "2.1.5",
          "resolved": "https://registry.npmjs.org/analyze-desumasu-dearu/-/analyze-desumasu-dearu-2.1.5.tgz",
          "integrity": "sha1-nKoqWgYUbCBnn33J869Sfbb2j0E="
        }
      }
    },
    "textlint-rule-prh": {
      "version": "5.2.0",
      "resolved": "https://registry.npmjs.org/textlint-rule-prh/-/textlint-rule-prh-5.2.0.tgz",
      "integrity": "sha512-ZPTt09YoQ6r0xvDLXs0A9y96GPIFrwr9kC1hlZ6utMarJYr/7Si166hP8oumadfj2u7l+lgKjxfe8vn2/aVhcQ==",
      "requires": {
        "prh": "^5.4.3",
        "textlint-rule-helper": "^2.0.0",
        "untildify": "^3.0.2"
      },
      "dependencies": {
        "prh": {
          "version": "5.4.3",
          "resolved": "https://registry.npmjs.org/prh/-/prh-5.4.3.tgz",
          "integrity": "sha512-W5+gzqOrVLKayPh+2QCur7KYZPsLRfDJd4Tyz5lIXAWwqaX/LQ40FX/P3/Hbfgf7w+EQPdR1yOx6BVf+frG40w==",
          "requires": {
            "commandpost": "^1.2.1",
            "diff": "^3.3.0",
            "js-yaml": "^3.9.1"
          }
        }
      }
    },
    "textlint-rule-sentence-length": {
      "version": "1.1.3",
      "resolved": "https://registry.npmjs.org/textlint-rule-sentence-length/-/textlint-rule-sentence-length-1.1.3.tgz",
      "integrity": "sha512-iyzUFB+LbHlzW/rpY4Vlddf3/w0iRmMxi1QwlbKl5fRAhvkXsF4ZJOKHPLIB7eOxQKShftLo/zImxZTXMmVfrg==",
      "requires": {
        "sentence-splitter": "^2.0.0",
        "textlint-rule-helper": "^2.0.0",
        "textlint-util-to-string": "^2.1.1"
      },
      "dependencies": {
        "textlint-util-to-string": {
          "version": "2.1.1",
          "resolved": "https://registry.npmjs.org/textlint-util-to-string/-/textlint-util-to-string-2.1.1.tgz",
          "integrity": "sha512-PW6rXqLNGL3xZ6d5/INrX+pt8qbffmeDPLcvkBOlfNpDRFhVvNNjFmZXH86ZQjrOz9t/nNZDBXqnzqJuioJbSQ==",
          "requires": {
            "object-assign": "^4.0.1",
            "structured-source": "^3.0.2"
          }
        }
      }
    },
    "textlint-util-to-string": {
      "version": "1.2.1",
      "resolved": "https://registry.npmjs.org/textlint-util-to-string/-/textlint-util-to-string-1.2.1.tgz",
      "integrity": "sha1-HPiZVtJ1VaVelYjAazWlDw0dRvk=",
      "requires": {
        "object-assign": "^4.0.1",
        "structured-source": "^3.0.2"
      }
    },
    "typedarray": {
      "version": "0.0.6",
      "resolved": "https://registry.npmjs.org/typedarray/-/typedarray-0.0.6.tgz",
      "integrity": "sha1-hnrHTjhkGHsdPUfZlqeOxciDB3c="
    },
    "unist-util-is": {
      "version": "2.1.2",
      "resolved": "https://registry.npmjs.org/unist-util-is/-/unist-util-is-2.1.2.tgz",
      "integrity": "sha512-YkXBK/H9raAmG7KXck+UUpnKiNmUdB+aBGrknfQ4EreE1banuzrKABx3jP6Z5Z3fMSPMQQmeXBlKpCbMwBkxVw=="
    },
    "unist-util-visit": {
      "version": "1.4.0",
      "resolved": "https://registry.npmjs.org/unist-util-visit/-/unist-util-visit-1.4.0.tgz",
      "integrity": "sha512-FiGu34ziNsZA3ZUteZxSFaczIjGmksfSgdKqBfOejrrfzyUy5b7YrlzT1Bcvi+djkYDituJDy2XB7tGTeBieKw==",
      "requires": {
        "unist-util-visit-parents": "^2.0.0"
      }
    },
    "unist-util-visit-parents": {
      "version": "2.0.1",
      "resolved": "https://registry.npmjs.org/unist-util-visit-parents/-/unist-util-visit-parents-2.0.1.tgz",
      "integrity": "sha512-6B0UTiMfdWql4cQ03gDTCSns+64Zkfo2OCbK31Ov0uMizEz+CJeAp0cgZVb5Fhmcd7Bct2iRNywejT0orpbqUA==",
      "requires": {
        "unist-util-is": "^2.1.2"
      }
    },
    "unorm": {
      "version": "1.5.0",
      "resolved": "https://registry.npmjs.org/unorm/-/unorm-1.5.0.tgz",
      "integrity": "sha512-sMfSWoiRaXXeDZSXC+YRZ23H4xchQpwxjpw1tmfR+kgbBCaOgln4NI0LXejJIhnBuKINrB3WRn+ZI8IWssirVw=="
    },
    "untildify": {
      "version": "3.0.3",
      "resolved": "https://registry.npmjs.org/untildify/-/untildify-3.0.3.tgz",
      "integrity": "sha512-iSk/J8efr8uPT/Z4eSUywnqyrQU7DSdMfdqK4iWEaUVVmcP5JcnpRqmVMwcwcnmI1ATFNgC5V90u09tBynNFKA=="
    },
    "util-deprecate": {
      "version": "1.0.2",
      "resolved": "https://registry.npmjs.org/util-deprecate/-/util-deprecate-1.0.2.tgz",
      "integrity": "sha1-RQ1Nyfpw3nMnYvvS1KKJgUGaDM8="
    },
    "zlibjs": {
      "version": "0.2.0",
      "resolved": "https://registry.npmjs.org/zlibjs/-/zlibjs-0.2.0.tgz",
      "integrity": "sha1-riDwYkMpPYXCVVYxifmxL1s7oaA="
    }
  }
}
